
Microsoft Visual Studio Solution File, Format Version 12.00
# Visual Studio 15
VisualStudioVersion = 15.0.28307.438
MinimumVisualStudioVersion = 10.0.40219.1
Project("{FAE04EC0-301F-11D3-BF4B-00C04F79EFBC}") = "R2.Gasolinera", "R2.Gasolinera\R2.Gasolinera.csproj", "{96ABDC0D-FCED-4505-8B26-AAB2CD58409C}"
EndProject
Global
	GlobalSection(SolutionConfigurationPlatforms) = preSolution
		Debug|Any CPU = Debug|Any CPU
		Release|Any CPU = Release|Any CPU
	EndGlobalSection
	GlobalSection(ProjectConfigurationPlatforms) = postSolution
		{96ABDC0D-FCED-4505-8B26-AAB2CD58409C}.Debug|Any CPU.ActiveCfg = Debug|Any CPU
		{96ABDC0D-FCED-4505-8B26-AAB2CD58409C}.Debug|Any CPU.Build.0 = Debug|Any CPU
		{96ABDC0D-FCED-4505-8B26-AAB2CD58409C}.Release|Any CPU.ActiveCfg = Release|Any CPU
		{96ABDC0D-FCED-4505-8B26-AAB2CD58409C}.Release|Any CPU.Build.0 = Release|Any CPU
	EndGlobalSection
	GlobalSection(SolutionProperties) = preSolution
		HideSolutionNode = FALSE
	EndGlobalSection
	GlobalSection(ExtensibilityGlobals) = postSolution
		SolutionGuid = {8D3505A7-396F-4BA8-A962-A74B986A7824}
	EndGlobalSection
EndGlobal
